// !$*UTF8*$!
{
	archiveVersion = 1;
	classes = {
	};
	objectVersion = 46;
	objects = {

/* Begin PBXBuildFile section */
		79353F471CE50B240066B4EA /* AppDelegate.swift in Sources */ = {isa = PBXBuildFile; fileRef = 79353F461CE50B240066B4EA /* AppDelegate.swift */; };
		79353F491CE50B240066B4EA /* ViewController.swift in Sources */ = {isa = PBXBuildFile; fileRef = 79353F481CE50B240066B4EA /* ViewController.swift */; };
		79353F4C1CE50B240066B4EA /* Main.storyboard in Resources */ = {isa = PBXBuildFile; fileRef = 79353F4A1CE50B240066B4EA /* Main.storyboard */; };
		79353F4E1CE50B250066B4EA /* Assets.xcassets in Resources */ = {isa = PBXBuildFile; fileRef = 79353F4D1CE50B250066B4EA /* Assets.xcassets */; };
		79353F511CE50B250066B4EA /* LaunchScreen.storyboard in Resources */ = {isa = PBXBuildFile; fileRef = 79353F4F1CE50B250066B4EA /* LaunchScreen.storyboard */; };
		79353F5A1CE50F050066B4EA /* Post.swift in Sources */ = {isa = PBXBuildFile; fileRef = 79353F591CE50F050066B4EA /* Post.swift */; };
		79353F5D1CE537770066B4EA /* PostCell.swift in Sources */ = {isa = PBXBuildFile; fileRef = 79353F5C1CE537770066B4EA /* PostCell.swift */; };
/* End PBXBuildFile section */

/* Begin PBXFileReference section */
		79353F431CE50B240066B4EA /* PhotoNote.app */ = {isa = PBXFileReference; explicitFileType = wrapper.application; includeInIndex = 0; path = PhotoNote.app; sourceTree = BUILT_PRODUCTS_DIR; };
		79353F461CE50B240066B4EA /* AppDelegate.swift */ = {isa = PBXFileReference; lastKnownFileType = sourcecode.swift; path = AppDelegate.swift; sourceTree = "<group>"; };
		79353F481CE50B240066B4EA /* ViewController.swift */ = {isa = PBXFileReference; lastKnownFileType = sourcecode.swift; path = ViewController.swift; sourceTree = "<group>"; };
		79353F4B1CE50B240066B4EA /* Base */ = {isa = PBXFileReference; lastKnownFileType = file.storyboard; name = Base; path = Base.lproj/Main.storyboard; sourceTree = "<group>"; };
		79353F4D1CE50B250066B4EA /* Assets.xcassets */ = {isa = PBXFileReference; lastKnownFileType = folder.assetcatalog; path = Assets.xcassets; sourceTree = "<group>"; };
		79353F501CE50B250066B4EA /* Base */ = {isa = PBXFileReference; lastKnownFileType = file.storyboard; name = Base; path = Base.lproj/LaunchScreen.storyboard; sourceTree = "<group>"; };
		79353F521CE50B250066B4EA /* Info.plist */ = {isa = PBXFileReference; lastKnownFileType = text.plist.xml; path = Info.plist; sourceTree = "<group>"; };
		79353F591CE50F050066B4EA /* Post.swift */ = {isa = PBXFileReference; fileEncoding = 4; lastKnownFileType = sourcecode.swift; path = Post.swift; sourceTree = "<group>"; };
		79353F5C1CE537770066B4EA /* PostCell.swift */ = {isa = PBXFileReference; fileEncoding = 4; lastKnownFileType = sourcecode.swift; path = PostCell.swift; sourceTree = "<group>"; };
/* End PBXFileReference section */

/* Begin PBXFrameworksBuildPhase section */
		79353F401CE50B240066B4EA /* Frameworks */ = {
			isa = PBXFrameworksBuildPhase;
			buildActionMask = 2147483647;
			files = (
			);
			runOnlyForDeploymentPostprocessing = 0;
		};
/* End PBXFrameworksBuildPhase section */

/* Begin PBXGroup section */
		79353F3A1CE50B230066B4EA = {
			isa = PBXGroup;
			children = (
				79353F451CE50B240066B4EA /* PhotoNote */,
				79353F441CE50B240066B4EA /* Products */,
			);
			sourceTree = "<group>";
		};
		79353F441CE50B240066B4EA /* Products */ = {
			isa = PBXGroup;
			children = (
				79353F431CE50B240066B4EA /* PhotoNote.app */,
			);
			name = Products;
			sourceTree = "<group>";
		};
		79353F451CE50B240066B4EA /* PhotoNote */ = {
			isa = PBXGroup;
			children = (
				79353F581CE50ED00066B4EA /* Model */,
				79353F5B1CE536E70066B4EA /* View */,
				79353F461CE50B240066B4EA /* AppDelegate.swift */,
				79353F481CE50B240066B4EA /* ViewController.swift */,
				79353F4A1CE50B240066B4EA /* Main.storyboard */,
				79353F4D1CE50B250066B4EA /* Assets.xcassets */,
				79353F4F1CE50B250066B4EA /* LaunchScreen.storyboard */,
				79353F521CE50B250066B4EA /* Info.plist */,
			);
			path = PhotoNote;
			sourceTree = "<group>";
		};
		79353F581CE50ED00066B4EA /* Model */ = {
			isa = PBXGroup;
			children = (
				79353F591CE50F050066B4EA /* Post.swift */,
			);
			name = Model;
			sourceTree = "<group>";
		};
		79353F5B1CE536E70066B4EA /* View */ = {
			isa = PBXGroup;
			children = (
				79353F5C1CE537770066B4EA /* PostCell.swift */,
			);
			name = View;
			sourceTree = "<group>";
		};
/* End PBXGroup section */

/* Begin PBXNativeTarget section */
		79353F421CE50B240066B4EA /* PhotoNote */ = {
			isa = PBXNativeTarget;
			buildConfigurationList = 79353F551CE50B250066B4EA /* Build configuration list for PBXNativeTarget "PhotoNote" */;
			buildPhases = (
				79353F3F1CE50B240066B4EA /* Sources */,
				79353F401CE50B240066B4EA /* Frameworks */,
				79353F411CE50B240066B4EA /* Resources */,
			);
			buildRules = (
			);
			dependencies = (
			);
			name = PhotoNote;
			productName = PhotoNote;
			productReference = 79353F431CE50B240066B4EA /* PhotoNote.app */;
			productType = "com.apple.product-type.application";
		};
/* End PBXNativeTarget section */

/* Begin PBXProject section */
		79353F3B1CE50B230066B4EA /* Project object */ = {
			isa = PBXProject;
			attributes = {
				LastSwiftUpdateCheck = 0730;
				LastUpgradeCheck = 0730;
				ORGANIZATIONNAME = "richard martin";
				TargetAttributes = {
					79353F421CE50B240066B4EA = {
						CreatedOnToolsVersion = 7.3;
					};
				};
			};
			buildConfigurationList = 79353F3E1CE50B230066B4EA /* Build configuration list for PBXProject "PhotoNote" */;
			compatibilityVersion = "Xcode 3.2";
			developmentRegion = English;
			hasScannedForEncodings = 0;
			knownRegions = (
				en,
				Base,
			);
			mainGroup = 79353F3A1CE50B230066B4EA;
			productRefGroup = 79353F441CE50B240066B4EA /* Products */;
			projectDirPath = "";
			projectRoot = "";
			targets = (
				79353F421CE50B240066B4EA /* PhotoNote */,
			);
		};
/* End PBXProject section */

/* Begin PBXResourcesBuildPhase section */
		79353F411CE50B240066B4EA /* Resources */ = {
			isa = PBXResourcesBuildPhase;
			buildActionMask = 2147483647;
			files = (
				79353F511CE50B250066B4EA /* LaunchScreen.storyboard in Resources */,
				79353F4E1CE50B250066B4EA /* Assets.xcassets in Resources */,
				79353F4C1CE50B240066B4EA /* Main.storyboard in Resources */,
			);
			runOnlyForDeploymentPostprocessing = 0;
		};
/* End PBXResourcesBuildPhase section */

/* Begin PBXSourcesBuildPhase section */
		79353F3F1CE50B240066B4EA /* Sources */ = {
			isa = PBXSourcesBuildPhase;
			buildActionMask = 2147483647;
			files = (
				79353F5A1CE50F050066B4EA /* Post.swift in Sources */,
				79353F491CE50B240066B4EA /* ViewController.swift in Sources */,
				79353F471CE50B240066B4EA /* AppDelegate.swift in Sources */,
				79353F5D1CE537770066B4EA /* PostCell.swift in Sources */,
			);
			runOnlyForDeploymentPostprocessing = 0;
		};
/* End PBXSourcesBuildPhase section */

/* Begin PBXVariantGroup section */
		79353F4A1CE50B240066B4EA /* Main.storyboard */ = {
			isa = PBXVariantGroup;
			children = (
				79353F4B1CE50B240066B4EA /* Base */,
			);
			name = Main.storyboard;
			sourceTree = "<group>";
		};
		79353F4F1CE50B250066B4EA /* LaunchScreen.storyboard */ = {
			isa = PBXVariantGroup;
			children = (
				79353F501CE50B250066B4EA /* Base */,
			);
			name = LaunchScreen.storyboard;
			sourceTree = "<group>";
		};
/* End PBXVariantGroup section */

/* Begin XCBuildConfiguration section */
		79353F531CE50B250066B4EA /* Debug */ = {
			isa = XCBuildConfiguration;
			buildSettings = {
				ALWAYS_SEARCH_USER_PATHS = NO;
				CLANG_ANALYZER_NONNULL = YES;
				CLANG_CXX_LANGUAGE_STANDARD = "gnu++0x";
				CLANG_CXX_LIBRARY = "libc++";
				CLANG_ENABLE_MODULES = YES;
				CLANG_ENABLE_OBJC_ARC = YES;
				CLANG_WARN_BOOL_CONVERSION = YES;
				CLANG_WARN_CONSTANT_CONVERSION = YES;
				CLANG_WARN_DIRECT_OBJC_ISA_USAGE = YES_ERROR;
				CLANG_WARN_EMPTY_BODY = YES;
				CLANG_WARN_ENUM_CONVERSION = YES;
				CLANG_WARN_INT_CONVERSION = YES;
				CLANG_WARN_OBJC_ROOT_CLASS = YES_ERROR;
				CLANG_WARN_UNREACHABLE_CODE = YES;
				CLANG_WARN__DUPLICATE_METHOD_MATCH = YES;
				"CODE_SIGN_IDENTITY[sdk=iphoneos*]" = "iPhone Developer";
				COPY_PHASE_STRIP = NO;
				DEBUG_INFORMATION_FORMAT = dwarf;
				ENABLE_STRICT_OBJC_MSGSEND = YES;
				ENABLE_TESTABILITY = YES;
				GCC_C_LANGUAGE_STANDARD = gnu99;
				GCC_DYNAMIC_NO_PIC = NO;
				GCC_NO_COMMON_BLOCKS = YES;
				GCC_OPTIMIZATION_LEVEL = 0;
				GCC_PREPROCESSOR_DEFINITIONS = (
					"DEBUG=1",
					"$(inherited)",
				);
				GCC_WARN_64_TO_32_BIT_CONVERSION = YES;
				GCC_WARN_ABOUT_RETURN_TYPE = YES_ERROR;
				GCC_WARN_UNDECLARED_SELECTOR = YES;
				GCC_WARN_UNINITIALIZED_AUTOS = YES_AGGRESSIVE;
				GCC_WARN_UNUSED_FUNCTION = YES;
				GCC_WARN_UNUSED_VARIABLE = YES;
				IPHONEOS_DEPLOYMENT_TARGET = 9.3;
				MTL_ENABLE_DEBUG_INFO = YES;
				ONLY_ACTIVE_ARCH = YES;
				SDKROOT = iphoneos;
				SWIFT_OPTIMIZATION_LEVEL = "-Onone";
				TARGETED_DEVICE_FAMILY = "1,2";
			};
			name = Debug;
		};
		79353F541CE50B250066B4EA /* Release */ = {
			isa = XCBuildConfiguration;
			buildSettings = {
				ALWAYS_SEARCH_USER_PATHS = NO;
				CLANG_ANALYZER_NONNULL = YES;
				CLANG_CXX_LANGUAGE_STANDARD = "gnu++0x";
				CLANG_CXX_LIBRARY = "libc++";
				CLANG_ENABLE_MODULES = YES;
				CLANG_ENABLE_OBJC_ARC = YES;
				CLANG_WARN_BOOL_CONVERSION = YES;
				CLANG_WARN_CONSTANT_CONVERSION = YES;
				CLANG_WARN_DIRECT_OBJC_ISA_USAGE = YES_ERROR;
				CLANG_WARN_EMPTY_BODY = YES;
				CLANG_WARN_ENUM_CONVERSION = YES;
				CLANG_WARN_INT_CONVERSION = YES;
				CLANG_WARN_OBJC_ROOT_CLASS = YES_ERROR;
				CLANG_WARN_UNREACHABLE_CODE = YES;
				CLANG_WARN__DUPLICATE_METHOD_MATCH = YES;
				"CODE_SIGN_IDENTITY[sdk=iphoneos*]" = "iPhone Developer";
				COPY_PHASE_STRIP = NO;
				DEBUG_INFORMATION_FORMAT = "dwarf-with-dsym";
				ENABLE_NS_ASSERTIONS = NO;
				ENABLE_STRICT_OBJC_MSGSEND = YES;
				GCC_C_LANGUAGE_STANDARD = gnu99;
				GCC_NO_COMMON_BLOCKS = YES;
				GCC_WARN_64_TO_32_BIT_CONVERSION = YES;
				GCC_WARN_ABOUT_RETURN_TYPE = YES_ERROR;
				GCC_WARN_UNDECLARED_SELECTOR = YES;
				GCC_WARN_UNINITIALIZED_AUTOS = YES_AGGRESSIVE;
				GCC_WARN_UNUSED_FUNCTION = YES;
				GCC_WARN_UNUSED_VARIABLE = YES;
				IPHONEOS_DEPLOYMENT_TARGET = 9.3;
				MTL_ENABLE_DEBUG_INFO = NO;
				SDKROOT = iphoneos;
				TARGETED_DEVICE_FAMILY = "1,2";
				VALIDATE_PRODUCT = YES;
			};
			name = Release;
		};
		79353F561CE50B250066B4EA /* Debug */ = {
			isa = XCBuildConfiguration;
			buildSettings = {
				ASSETCATALOG_COMPILER_APPICON_NAME = AppIcon;
				INFOPLIST_FILE = PhotoNote/Info.plist;
				LD_RUNPATH_SEARCH_PATHS = "$(inherited) @executable_path/Frameworks";
				PRODUCT_BUNDLE_IDENTIFIER = me.richardgmartin.PhotoNote;
				PRODUCT_NAME = "$(TARGET_NAME)";
			};
			name = Debug;
		};
		79353F571CE50B250066B4EA /* Release */ = {
			isa = XCBuildConfiguration;
			buildSettings = {
				ASSETCATALOG_COMPILER_APPICON_NAME = AppIcon;
				INFOPLIST_FILE = PhotoNote/Info.plist;
				LD_RUNPATH_SEARCH_PATHS = "$(inherited) @executable_path/Frameworks";
				PRODUCT_BUNDLE_IDENTIFIER = me.richardgmartin.PhotoNote;
				PRODUCT_NAME = "$(TARGET_NAME)";
			};
			name = Release;
		};
/* End XCBuildConfiguration section */

/* Begin XCConfigurationList section */
		79353F3E1CE50B230066B4EA /* Build configuration list for PBXProject "PhotoNote" */ = {
			isa = XCConfigurationList;
			buildConfigurations = (
				79353F531CE50B250066B4EA /* Debug */,
				79353F541CE50B250066B4EA /* Release */,
			);
			defaultConfigurationIsVisible = 0;
			defaultConfigurationName = Release;
		};
		79353F551CE50B250066B4EA /* Build configuration list for PBXNativeTarget "PhotoNote" */ = {
			isa = XCConfigurationList;
			buildConfigurations = (
				79353F561CE50B250066B4EA /* Debug */,
				79353F571CE50B250066B4EA /* Release */,
			);
			defaultConfigurationIsVisible = 0;
		};
/* End XCConfigurationList section */
	};
	rootObject = 79353F3B1CE50B230066B4EA /* Project object */;
}
